
Microsoft Visual Studio Solution File, Format Version 12.00
# Visual Studio Version 17
VisualStudioVersion = 17.0.31903.59
MinimumVisualStudioVersion = 10.0.40219.1
Project("{FAE04EC0-301F-11D3-BF4B-00C04F79EFBC}") = "GymTracker", "GymTracker\GymTracker.csproj", "{9BB2A6D3-5621-4F11-A402-DD4C66AD9D8F}"
EndProject
Project("{FAE04EC0-301F-11D3-BF4B-00C04F79EFBC}") = "Tests", "Tests\Tests.csproj", "{06C78B4D-9853-48FB-8178-D901B710E0E2}"
EndProject
Global
	GlobalSection(SolutionConfigurationPlatforms) = preSolution
		Debug|Any CPU = Debug|Any CPU
		Release|Any CPU = Release|Any CPU
	EndGlobalSection
	GlobalSection(SolutionProperties) = preSolution
		HideSolutionNode = FALSE
	EndGlobalSection
	GlobalSection(ProjectConfigurationPlatforms) = postSolution
		{9BB2A6D3-5621-4F11-A402-DD4C66AD9D8F}.Debug|Any CPU.ActiveCfg = Debug|Any CPU
		{9BB2A6D3-5621-4F11-A402-DD4C66AD9D8F}.Debug|Any CPU.Build.0 = Debug|Any CPU
		{9BB2A6D3-5621-4F11-A402-DD4C66AD9D8F}.Release|Any CPU.ActiveCfg = Release|Any CPU
		{9BB2A6D3-5621-4F11-A402-DD4C66AD9D8F}.Release|Any CPU.Build.0 = Release|Any CPU
		{06C78B4D-9853-48FB-8178-D901B710E0E2}.Debug|Any CPU.ActiveCfg = Debug|Any CPU
		{06C78B4D-9853-48FB-8178-D901B710E0E2}.Debug|Any CPU.Build.0 = Debug|Any CPU
		{06C78B4D-9853-48FB-8178-D901B710E0E2}.Release|Any CPU.ActiveCfg = Release|Any CPU
		{06C78B4D-9853-48FB-8178-D901B710E0E2}.Release|Any CPU.Build.0 = Release|Any CPU
	EndGlobalSection
EndGlobal
